
Microsoft Visual Studio Solution File, Format Version 12.00
# Visual Studio Version 16
VisualStudioVersion = 16.0.29806.167
MinimumVisualStudioVersion = 10.0.40219.1
Project("{FAE04EC0-301F-11D3-BF4B-00C04F79EFBC}") = "lab1.2", "lab1.2\lab1.2.csproj", "{719B9705-95FE-4482-9D2A-D87DBCF29240}"
EndProject
Global
	GlobalSection(SolutionConfigurationPlatforms) = preSolution
		Debug|Any CPU = Debug|Any CPU
		Release|Any CPU = Release|Any CPU
	EndGlobalSection
	GlobalSection(ProjectConfigurationPlatforms) = postSolution
		{719B9705-95FE-4482-9D2A-D87DBCF29240}.Debug|Any CPU.ActiveCfg = Debug|Any CPU
		{719B9705-95FE-4482-9D2A-D87DBCF29240}.Debug|Any CPU.Build.0 = Debug|Any CPU
		{719B9705-95FE-4482-9D2A-D87DBCF29240}.Release|Any CPU.ActiveCfg = Release|Any CPU
		{719B9705-95FE-4482-9D2A-D87DBCF29240}.Release|Any CPU.Build.0 = Release|Any CPU
	EndGlobalSection
	GlobalSection(SolutionProperties) = preSolution
		HideSolutionNode = FALSE
	EndGlobalSection
	GlobalSection(ExtensibilityGlobals) = postSolution
		SolutionGuid = {6EDEEF95-7EDB-42F1-BAEF-1C8E8C23136B}
	EndGlobalSection
EndGlobal
